// !$*UTF8*$!
{
	archiveVersion = 1;
	classes = {
	};
	objectVersion = 50;
	objects = {

/* Begin PBXBuildFile section */
		0E3C3C9622553F0300EB4DBA /* AppDelegate.swift in Sources */ = {isa = PBXBuildFile; fileRef = 0E3C3C9522553F0200EB4DBA /* AppDelegate.swift */; };
		0E3C3C9822553F0300EB4DBA /* ViewController.swift in Sources */ = {isa = PBXBuildFile; fileRef = 0E3C3C9722553F0300EB4DBA /* ViewController.swift */; };
		0E3C3C9B22553F0300EB4DBA /* Main.storyboard in Resources */ = {isa = PBXBuildFile; fileRef = 0E3C3C9922553F0300EB4DBA /* Main.storyboard */; };
		0E3C3C9D22553F0500EB4DBA /* Assets.xcassets in Resources */ = {isa = PBXBuildFile; fileRef = 0E3C3C9C22553F0500EB4DBA /* Assets.xcassets */; };
		0E3C3CA022553F0500EB4DBA /* LaunchScreen.storyboard in Resources */ = {isa = PBXBuildFile; fileRef = 0E3C3C9E22553F0500EB4DBA /* LaunchScreen.storyboard */; };
		0E5299D5225BAC53000A8028 /* CalculationLogic.swift in Sources */ = {isa = PBXBuildFile; fileRef = 0E5299D4225BAC53000A8028 /* CalculationLogic.swift */; };
/* End PBXBuildFile section */

/* Begin PBXFileReference section */
		0E3C3C9222553F0200EB4DBA /* CalculatorClone.app */ = {isa = PBXFileReference; explicitFileType = wrapper.application; includeInIndex = 0; path = CalculatorClone.app; sourceTree = BUILT_PRODUCTS_DIR; };
		0E3C3C9522553F0200EB4DBA /* AppDelegate.swift */ = {isa = PBXFileReference; lastKnownFileType = sourcecode.swift; path = AppDelegate.swift; sourceTree = "<group>"; };
		0E3C3C9722553F0300EB4DBA /* ViewController.swift */ = {isa = PBXFileReference; lastKnownFileType = sourcecode.swift; path = ViewController.swift; sourceTree = "<group>"; };
		0E3C3C9A22553F0300EB4DBA /* Base */ = {isa = PBXFileReference; lastKnownFileType = file.storyboard; name = Base; path = Base.lproj/Main.storyboard; sourceTree = "<group>"; };
		0E3C3C9C22553F0500EB4DBA /* Assets.xcassets */ = {isa = PBXFileReference; lastKnownFileType = folder.assetcatalog; path = Assets.xcassets; sourceTree = "<group>"; };
		0E3C3C9F22553F0500EB4DBA /* Base */ = {isa = PBXFileReference; lastKnownFileType = file.storyboard; name = Base; path = Base.lproj/LaunchScreen.storyboard; sourceTree = "<group>"; };
		0E3C3CA122553F0500EB4DBA /* Info.plist */ = {isa = PBXFileReference; lastKnownFileType = text.plist.xml; path = Info.plist; sourceTree = "<group>"; };
		0E5299D4225BAC53000A8028 /* CalculationLogic.swift */ = {isa = PBXFileReference; lastKnownFileType = sourcecode.swift; path = CalculationLogic.swift; sourceTree = "<group>"; };
/* End PBXFileReference section */

/* Begin PBXFrameworksBuildPhase section */
		0E3C3C8F22553F0200EB4DBA /* Frameworks */ = {
			isa = PBXFrameworksBuildPhase;
			buildActionMask = 2147483647;
			files = (
			);
			runOnlyForDeploymentPostprocessing = 0;
		};
/* End PBXFrameworksBuildPhase section */

/* Begin PBXGroup section */
		0E3C3C8922553F0200EB4DBA = {
			isa = PBXGroup;
			children = (
				0E3C3C9422553F0200EB4DBA /* CalculatorClone */,
				0E3C3C9322553F0200EB4DBA /* Products */,
			);
			sourceTree = "<group>";
		};
		0E3C3C9322553F0200EB4DBA /* Products */ = {
			isa = PBXGroup;
			children = (
				0E3C3C9222553F0200EB4DBA /* CalculatorClone.app */,
			);
			name = Products;
			sourceTree = "<group>";
		};
		0E3C3C9422553F0200EB4DBA /* CalculatorClone */ = {
			isa = PBXGroup;
			children = (
				0E3C3C9522553F0200EB4DBA /* AppDelegate.swift */,
				0E5299D7225BAD0D000A8028 /* Controller */,
				0E5299D6225BAD01000A8028 /* Model */,
				0E5299D8225BAD20000A8028 /* View */,
				0E3C3C9C22553F0500EB4DBA /* Assets.xcassets */,
				0E3C3C9E22553F0500EB4DBA /* LaunchScreen.storyboard */,
				0E3C3CA122553F0500EB4DBA /* Info.plist */,
			);
			path = CalculatorClone;
			sourceTree = "<group>";
		};
		0E5299D6225BAD01000A8028 /* Model */ = {
			isa = PBXGroup;
			children = (
				0E5299D4225BAC53000A8028 /* CalculationLogic.swift */,
			);
			path = Model;
			sourceTree = "<group>";
		};
		0E5299D7225BAD0D000A8028 /* Controller */ = {
			isa = PBXGroup;
			children = (
				0E3C3C9722553F0300EB4DBA /* ViewController.swift */,
			);
			name = Controller;
			sourceTree = "<group>";
		};
		0E5299D8225BAD20000A8028 /* View */ = {
			isa = PBXGroup;
			children = (
				0E3C3C9922553F0300EB4DBA /* Main.storyboard */,
			);
			path = View;
			sourceTree = "<group>";
		};
/* End PBXGroup section */

/* Begin PBXNativeTarget section */
		0E3C3C9122553F0200EB4DBA /* CalculatorClone */ = {
			isa = PBXNativeTarget;
			buildConfigurationList = 0E3C3CA422553F0500EB4DBA /* Build configuration list for PBXNativeTarget "CalculatorClone" */;
			buildPhases = (
				0E3C3C8E22553F0200EB4DBA /* Sources */,
				0E3C3C8F22553F0200EB4DBA /* Frameworks */,
				0E3C3C9022553F0200EB4DBA /* Resources */,
			);
			buildRules = (
			);
			dependencies = (
			);
			name = CalculatorClone;
			productName = CalculatorClone;
			productReference = 0E3C3C9222553F0200EB4DBA /* CalculatorClone.app */;
			productType = "com.apple.product-type.application";
		};
/* End PBXNativeTarget section */

/* Begin PBXProject section */
		0E3C3C8A22553F0200EB4DBA /* Project object */ = {
			isa = PBXProject;
			attributes = {
				LastSwiftUpdateCheck = 1020;
				LastUpgradeCheck = 1020;
				ORGANIZATIONNAME = "Merouane Tazeka";
				TargetAttributes = {
					0E3C3C9122553F0200EB4DBA = {
						CreatedOnToolsVersion = 10.2;
					};
				};
			};
			buildConfigurationList = 0E3C3C8D22553F0200EB4DBA /* Build configuration list for PBXProject "CalculatorClone" */;
			compatibilityVersion = "Xcode 9.3";
			developmentRegion = en;
			hasScannedForEncodings = 0;
			knownRegions = (
				en,
				Base,
			);
			mainGroup = 0E3C3C8922553F0200EB4DBA;
			productRefGroup = 0E3C3C9322553F0200EB4DBA /* Products */;
			projectDirPath = "";
			projectRoot = "";
			targets = (
				0E3C3C9122553F0200EB4DBA /* CalculatorClone */,
			);
		};
/* End PBXProject section */

/* Begin PBXResourcesBuildPhase section */
		0E3C3C9022553F0200EB4DBA /* Resources */ = {
			isa = PBXResourcesBuildPhase;
			buildActionMask = 2147483647;
			files = (
				0E3C3CA022553F0500EB4DBA /* LaunchScreen.storyboard in Resources */,
				0E3C3C9D22553F0500EB4DBA /* Assets.xcassets in Resources */,
				0E3C3C9B22553F0300EB4DBA /* Main.storyboard in Resources */,
			);
			runOnlyForDeploymentPostprocessing = 0;
		};
/* End PBXResourcesBuildPhase section */

/* Begin PBXSourcesBuildPhase section */
		0E3C3C8E22553F0200EB4DBA /* Sources */ = {
			isa = PBXSourcesBuildPhase;
			buildActionMask = 2147483647;
			files = (
				0E5299D5225BAC53000A8028 /* CalculationLogic.swift in Sources */,
				0E3C3C9822553F0300EB4DBA /* ViewController.swift in Sources */,
				0E3C3C9622553F0300EB4DBA /* AppDelegate.swift in Sources */,
			);
			runOnlyForDeploymentPostprocessing = 0;
		};
/* End PBXSourcesBuildPhase section */

/* Begin PBXVariantGroup section */
		0E3C3C9922553F0300EB4DBA /* Main.storyboard */ = {
			isa = PBXVariantGroup;
			children = (
				0E3C3C9A22553F0300EB4DBA /* Base */,
			);
			name = Main.storyboard;
			sourceTree = "<group>";
		};
		0E3C3C9E22553F0500EB4DBA /* LaunchScreen.storyboard */ = {
			isa = PBXVariantGroup;
			children = (
				0E3C3C9F22553F0500EB4DBA /* Base */,
			);
			name = LaunchScreen.storyboard;
			sourceTree = "<group>";
		};
/* End PBXVariantGroup section */

/* Begin XCBuildConfiguration section */
		0E3C3CA222553F0500EB4DBA /* Debug */ = {
			isa = XCBuildConfiguration;
			buildSettings = {
				ALWAYS_SEARCH_USER_PATHS = NO;
				CLANG_ANALYZER_NONNULL = YES;
				CLANG_ANALYZER_NUMBER_OBJECT_CONVERSION = YES_AGGRESSIVE;
				CLANG_CXX_LANGUAGE_STANDARD = "gnu++14";
				CLANG_CXX_LIBRARY = "libc++";
				CLANG_ENABLE_MODULES = YES;
				CLANG_ENABLE_OBJC_ARC = YES;
				CLANG_ENABLE_OBJC_WEAK = YES;
				CLANG_WARN_BLOCK_CAPTURE_AUTORELEASING = YES;
				CLANG_WARN_BOOL_CONVERSION = YES;
				CLANG_WARN_COMMA = YES;
				CLANG_WARN_CONSTANT_CONVERSION = YES;
				CLANG_WARN_DEPRECATED_OBJC_IMPLEMENTATIONS = YES;
				CLANG_WARN_DIRECT_OBJC_ISA_USAGE = YES_ERROR;
				CLANG_WARN_DOCUMENTATION_COMMENTS = YES;
				CLANG_WARN_EMPTY_BODY = YES;
				CLANG_WARN_ENUM_CONVERSION = YES;
				CLANG_WARN_INFINITE_RECURSION = YES;
				CLANG_WARN_INT_CONVERSION = YES;
				CLANG_WARN_NON_LITERAL_NULL_CONVERSION = YES;
				CLANG_WARN_OBJC_IMPLICIT_RETAIN_SELF = YES;
				CLANG_WARN_OBJC_LITERAL_CONVERSION = YES;
				CLANG_WARN_OBJC_ROOT_CLASS = YES_ERROR;
				CLANG_WARN_RANGE_LOOP_ANALYSIS = YES;
				CLANG_WARN_STRICT_PROTOTYPES = YES;
				CLANG_WARN_SUSPICIOUS_MOVE = YES;
				CLANG_WARN_UNGUARDED_AVAILABILITY = YES_AGGRESSIVE;
				CLANG_WARN_UNREACHABLE_CODE = YES;
				CLANG_WARN__DUPLICATE_METHOD_MATCH = YES;
				CODE_SIGN_IDENTITY = "iPhone Developer";
				COPY_PHASE_STRIP = NO;
				DEBUG_INFORMATION_FORMAT = dwarf;
				ENABLE_STRICT_OBJC_MSGSEND = YES;
				ENABLE_TESTABILITY = YES;
				GCC_C_LANGUAGE_STANDARD = gnu11;
				GCC_DYNAMIC_NO_PIC = NO;
				GCC_NO_COMMON_BLOCKS = YES;
				GCC_OPTIMIZATION_LEVEL = 0;
				GCC_PREPROCESSOR_DEFINITIONS = (
					"DEBUG=1",
					"$(inherited)",
				);
				GCC_WARN_64_TO_32_BIT_CONVERSION = YES;
				GCC_WARN_ABOUT_RETURN_TYPE = YES_ERROR;
				GCC_WARN_UNDECLARED_SELECTOR = YES;
				GCC_WARN_UNINITIALIZED_AUTOS = YES_AGGRESSIVE;
				GCC_WARN_UNUSED_FUNCTION = YES;
				GCC_WARN_UNUSED_VARIABLE = YES;
				IPHONEOS_DEPLOYMENT_TARGET = 12.2;
				MTL_ENABLE_DEBUG_INFO = INCLUDE_SOURCE;
				MTL_FAST_MATH = YES;
				ONLY_ACTIVE_ARCH = YES;
				SDKROOT = iphoneos;
				SWIFT_ACTIVE_COMPILATION_CONDITIONS = DEBUG;
				SWIFT_OPTIMIZATION_LEVEL = "-Onone";
			};
			name = Debug;
		};
		0E3C3CA322553F0500EB4DBA /* Release */ = {
			isa = XCBuildConfiguration;
			buildSettings = {
				ALWAYS_SEARCH_USER_PATHS = NO;
				CLANG_ANALYZER_NONNULL = YES;
				CLANG_ANALYZER_NUMBER_OBJECT_CONVERSION = YES_AGGRESSIVE;
				CLANG_CXX_LANGUAGE_STANDARD = "gnu++14";
				CLANG_CXX_LIBRARY = "libc++";
				CLANG_ENABLE_MODULES = YES;
				CLANG_ENABLE_OBJC_ARC = YES;
				CLANG_ENABLE_OBJC_WEAK = YES;
				CLANG_WARN_BLOCK_CAPTURE_AUTORELEASING = YES;
				CLANG_WARN_BOOL_CONVERSION = YES;
				CLANG_WARN_COMMA = YES;
				CLANG_WARN_CONSTANT_CONVERSION = YES;
				CLANG_WARN_DEPRECATED_OBJC_IMPLEMENTATIONS = YES;
				CLANG_WARN_DIRECT_OBJC_ISA_USAGE = YES_ERROR;
				CLANG_WARN_DOCUMENTATION_COMMENTS = YES;
				CLANG_WARN_EMPTY_BODY = YES;
				CLANG_WARN_ENUM_CONVERSION = YES;
				CLANG_WARN_INFINITE_RECURSION = YES;
				CLANG_WARN_INT_CONVERSION = YES;
				CLANG_WARN_NON_LITERAL_NULL_CONVERSION = YES;
				CLANG_WARN_OBJC_IMPLICIT_RETAIN_SELF = YES;
				CLANG_WARN_OBJC_LITERAL_CONVERSION = YES;
				CLANG_WARN_OBJC_ROOT_CLASS = YES_ERROR;
				CLANG_WARN_RANGE_LOOP_ANALYSIS = YES;
				CLANG_WARN_STRICT_PROTOTYPES = YES;
				CLANG_WARN_SUSPICIOUS_MOVE = YES;
				CLANG_WARN_UNGUARDED_AVAILABILITY = YES_AGGRESSIVE;
				CLANG_WARN_UNREACHABLE_CODE = YES;
				CLANG_WARN__DUPLICATE_METHOD_MATCH = YES;
				CODE_SIGN_IDENTITY = "iPhone Developer";
				COPY_PHASE_STRIP = NO;
				DEBUG_INFORMATION_FORMAT = "dwarf-with-dsym";
				ENABLE_NS_ASSERTIONS = NO;
				ENABLE_STRICT_OBJC_MSGSEND = YES;
				GCC_C_LANGUAGE_STANDARD = gnu11;
				GCC_NO_COMMON_BLOCKS = YES;
				GCC_WARN_64_TO_32_BIT_CONVERSION = YES;
				GCC_WARN_ABOUT_RETURN_TYPE = YES_ERROR;
				GCC_WARN_UNDECLARED_SELECTOR = YES;
				GCC_WARN_UNINITIALIZED_AUTOS = YES_AGGRESSIVE;
				GCC_WARN_UNUSED_FUNCTION = YES;
				GCC_WARN_UNUSED_VARIABLE = YES;
				IPHONEOS_DEPLOYMENT_TARGET = 12.2;
				MTL_ENABLE_DEBUG_INFO = NO;
				MTL_FAST_MATH = YES;
				SDKROOT = iphoneos;
				SWIFT_COMPILATION_MODE = wholemodule;
				SWIFT_OPTIMIZATION_LEVEL = "-O";
				VALIDATE_PRODUCT = YES;
			};
			name = Release;
		};
		0E3C3CA522553F0500EB4DBA /* Debug */ = {
			isa = XCBuildConfiguration;
			buildSettings = {
				ASSETCATALOG_COMPILER_APPICON_NAME = AppIcon;
				CODE_SIGN_STYLE = Automatic;
				DEVELOPMENT_TEAM = RV4ZBHYRAW;
				INFOPLIST_FILE = CalculatorClone/Info.plist;
				LD_RUNPATH_SEARCH_PATHS = (
					"$(inherited)",
					"@executable_path/Frameworks",
				);
				PRODUCT_BUNDLE_IDENTIFIER = com.merouanetazeka.CalculatorClone;
				PRODUCT_NAME = "$(TARGET_NAME)";
				SWIFT_VERSION = 5.0;
				TARGETED_DEVICE_FAMILY = "1,2";
			};
			name = Debug;
		};
		0E3C3CA622553F0500EB4DBA /* Release */ = {
			isa = XCBuildConfiguration;
			buildSettings = {
				ASSETCATALOG_COMPILER_APPICON_NAME = AppIcon;
				CODE_SIGN_STYLE = Automatic;
				DEVELOPMENT_TEAM = RV4ZBHYRAW;
				INFOPLIST_FILE = CalculatorClone/Info.plist;
				LD_RUNPATH_SEARCH_PATHS = (
					"$(inherited)",
					"@executable_path/Frameworks",
				);
				PRODUCT_BUNDLE_IDENTIFIER = com.merouanetazeka.CalculatorClone;
				PRODUCT_NAME = "$(TARGET_NAME)";
				SWIFT_VERSION = 5.0;
				TARGETED_DEVICE_FAMILY = "1,2";
			};
			name = Release;
		};
/* End XCBuildConfiguration section */

/* Begin XCConfigurationList section */
		0E3C3C8D22553F0200EB4DBA /* Build configuration list for PBXProject "CalculatorClone" */ = {
			isa = XCConfigurationList;
			buildConfigurations = (
				0E3C3CA222553F0500EB4DBA /* Debug */,
				0E3C3CA322553F0500EB4DBA /* Release */,
			);
			defaultConfigurationIsVisible = 0;
			defaultConfigurationName = Release;
		};
		0E3C3CA422553F0500EB4DBA /* Build configuration list for PBXNativeTarget "CalculatorClone" */ = {
			isa = XCConfigurationList;
			buildConfigurations = (
				0E3C3CA522553F0500EB4DBA /* Debug */,
				0E3C3CA622553F0500EB4DBA /* Release */,
			);
			defaultConfigurationIsVisible = 0;
			defaultConfigurationName = Release;
		};
/* End XCConfigurationList section */
	};
	rootObject = 0E3C3C8A22553F0200EB4DBA /* Project object */;
}
